
Microsoft Visual Studio Solution File, Format Version 12.00
Project("{FAE04EC0-301F-11D3-BF4B-00C04F79EFBC}") = "Lab11", "Lab11\Lab11.csproj", "{14E1B256-9D72-4616-B01C-CCDE3FA0A86D}"
EndProject
Global
	GlobalSection(SolutionConfigurationPlatforms) = preSolution
		Debug|Any CPU = Debug|Any CPU
		Release|Any CPU = Release|Any CPU
	EndGlobalSection
	GlobalSection(ProjectConfigurationPlatforms) = postSolution
		{14E1B256-9D72-4616-B01C-CCDE3FA0A86D}.Debug|Any CPU.ActiveCfg = Debug|Any CPU
		{14E1B256-9D72-4616-B01C-CCDE3FA0A86D}.Debug|Any CPU.Build.0 = Debug|Any CPU
		{14E1B256-9D72-4616-B01C-CCDE3FA0A86D}.Release|Any CPU.ActiveCfg = Release|Any CPU
		{14E1B256-9D72-4616-B01C-CCDE3FA0A86D}.Release|Any CPU.Build.0 = Release|Any CPU
	EndGlobalSection
EndGlobal
